
Microsoft Visual Studio Solution File, Format Version 12.00
# Visual Studio 15
VisualStudioVersion = 15.0.28307.168
MinimumVisualStudioVersion = 10.0.40219.1
Project("{FAE04EC0-301F-11D3-BF4B-00C04F79EFBC}") = "JeuDes_Affaires", "JeuDes_Affaires\JeuDes_Affaires.csproj", "{2F893B43-5FC4-4411-9692-A944CD10AFED}"
EndProject
Project("{FAE04EC0-301F-11D3-BF4B-00C04F79EFBC}") = "JeuDes_UI", "JeuDes_UI\JeuDes_UI.csproj", "{B985A205-E737-43D9-9D85-3522279433BE}"
EndProject
Global
	GlobalSection(SolutionConfigurationPlatforms) = preSolution
		Debug|Any CPU = Debug|Any CPU
		Release|Any CPU = Release|Any CPU
	EndGlobalSection
	GlobalSection(ProjectConfigurationPlatforms) = postSolution
		{2F893B43-5FC4-4411-9692-A944CD10AFED}.Debug|Any CPU.ActiveCfg = Debug|Any CPU
		{2F893B43-5FC4-4411-9692-A944CD10AFED}.Debug|Any CPU.Build.0 = Debug|Any CPU
		{2F893B43-5FC4-4411-9692-A944CD10AFED}.Release|Any CPU.ActiveCfg = Release|Any CPU
		{2F893B43-5FC4-4411-9692-A944CD10AFED}.Release|Any CPU.Build.0 = Release|Any CPU
		{B985A205-E737-43D9-9D85-3522279433BE}.Debug|Any CPU.ActiveCfg = Debug|Any CPU
		{B985A205-E737-43D9-9D85-3522279433BE}.Debug|Any CPU.Build.0 = Debug|Any CPU
		{B985A205-E737-43D9-9D85-3522279433BE}.Release|Any CPU.ActiveCfg = Release|Any CPU
		{B985A205-E737-43D9-9D85-3522279433BE}.Release|Any CPU.Build.0 = Release|Any CPU
	EndGlobalSection
	GlobalSection(SolutionProperties) = preSolution
		HideSolutionNode = FALSE
	EndGlobalSection
	GlobalSection(ExtensibilityGlobals) = postSolution
		SolutionGuid = {4F95B231-8B46-438C-AED7-AF9B6C58F494}
	EndGlobalSection
EndGlobal
